
Microsoft Visual Studio Solution File, Format Version 12.00
# Visual Studio Version 17
VisualStudioVersion = 17.14.36705.20
MinimumVisualStudioVersion = 10.0.40219.1
Project("{2150E333-8FDC-42A3-9474-1A3956D46DE8}") = "src", "src", "{02EA681E-C7D8-13C7-8484-4AC65E1B71E8}"
	ProjectSection(SolutionItems) = preProject
		.dockerignore = .dockerignore
		.gitignore = .gitignore
		Dockerfile.txt = Dockerfile.txt
	EndProjectSection
EndProject
Project("{FAE04EC0-301F-11D3-BF4B-00C04F79EFBC}") = "PersonalityAssessment.Api", "PersonalityAssessment.Api\PersonalityAssessment.Api.csproj", "{38430DEB-FF90-4FAB-B1F2-3E375E8D4B78}"
EndProject
Project("{FAE04EC0-301F-11D3-BF4B-00C04F79EFBC}") = "PersonalityAssessment.Application", "PersonalityAssessment.Appliction\PersonalityAssessment.Application.csproj", "{F61C6D4A-E097-489A-9260-CDE5EC0878A1}"
EndProject
Project("{FAE04EC0-301F-11D3-BF4B-00C04F79EFBC}") = "PersonalityAssessment.Core", "PersonalityAssessment.Core\PersonalityAssessment.Core.csproj", "{7BC2CD48-862E-47E3-9658-61986D1ED24C}"
EndProject
Project("{FAE04EC0-301F-11D3-BF4B-00C04F79EFBC}") = "PersonalityAssessment.Infrastructure", "PersonalityAssessment.Infrastructure\PersonalityAssessment.Infrastructure.csproj", "{B969EDF8-A266-4CF0-9243-2AC752B39A8A}"
EndProject
Global
	GlobalSection(SolutionConfigurationPlatforms) = preSolution
		Debug|Any CPU = Debug|Any CPU
		Release|Any CPU = Release|Any CPU
	EndGlobalSection
	GlobalSection(ProjectConfigurationPlatforms) = postSolution
		{38430DEB-FF90-4FAB-B1F2-3E375E8D4B78}.Debug|Any CPU.ActiveCfg = Debug|Any CPU
		{38430DEB-FF90-4FAB-B1F2-3E375E8D4B78}.Debug|Any CPU.Build.0 = Debug|Any CPU
		{38430DEB-FF90-4FAB-B1F2-3E375E8D4B78}.Release|Any CPU.ActiveCfg = Release|Any CPU
		{38430DEB-FF90-4FAB-B1F2-3E375E8D4B78}.Release|Any CPU.Build.0 = Release|Any CPU
		{F61C6D4A-E097-489A-9260-CDE5EC0878A1}.Debug|Any CPU.ActiveCfg = Debug|Any CPU
		{F61C6D4A-E097-489A-9260-CDE5EC0878A1}.Debug|Any CPU.Build.0 = Debug|Any CPU
		{F61C6D4A-E097-489A-9260-CDE5EC0878A1}.Release|Any CPU.ActiveCfg = Release|Any CPU
		{F61C6D4A-E097-489A-9260-CDE5EC0878A1}.Release|Any CPU.Build.0 = Release|Any CPU
		{7BC2CD48-862E-47E3-9658-61986D1ED24C}.Debug|Any CPU.ActiveCfg = Debug|Any CPU
		{7BC2CD48-862E-47E3-9658-61986D1ED24C}.Debug|Any CPU.Build.0 = Debug|Any CPU
		{7BC2CD48-862E-47E3-9658-61986D1ED24C}.Release|Any CPU.ActiveCfg = Release|Any CPU
		{7BC2CD48-862E-47E3-9658-61986D1ED24C}.Release|Any CPU.Build.0 = Release|Any CPU
		{B969EDF8-A266-4CF0-9243-2AC752B39A8A}.Debug|Any CPU.ActiveCfg = Debug|Any CPU
		{B969EDF8-A266-4CF0-9243-2AC752B39A8A}.Debug|Any CPU.Build.0 = Debug|Any CPU
		{B969EDF8-A266-4CF0-9243-2AC752B39A8A}.Release|Any CPU.ActiveCfg = Release|Any CPU
		{B969EDF8-A266-4CF0-9243-2AC752B39A8A}.Release|Any CPU.Build.0 = Release|Any CPU
	EndGlobalSection
	GlobalSection(SolutionProperties) = preSolution
		HideSolutionNode = FALSE
	EndGlobalSection
	GlobalSection(NestedProjects) = preSolution
		{38430DEB-FF90-4FAB-B1F2-3E375E8D4B78} = {02EA681E-C7D8-13C7-8484-4AC65E1B71E8}
		{F61C6D4A-E097-489A-9260-CDE5EC0878A1} = {02EA681E-C7D8-13C7-8484-4AC65E1B71E8}
		{7BC2CD48-862E-47E3-9658-61986D1ED24C} = {02EA681E-C7D8-13C7-8484-4AC65E1B71E8}
		{B969EDF8-A266-4CF0-9243-2AC752B39A8A} = {02EA681E-C7D8-13C7-8484-4AC65E1B71E8}
	EndGlobalSection
	GlobalSection(ExtensibilityGlobals) = postSolution
		SolutionGuid = {3E6218D2-CB45-4892-977A-30662AF61D0E}
	EndGlobalSection
EndGlobal
